// !$*UTF8*$!
{
	archiveVersion = 1;
	classes = {
	};
	objectVersion = 50;
	objects = {

/* Begin PBXBuildFile section */
		7D64A651264504D8000F8CA9 /* AppDelegate.swift in Sources */ = {isa = PBXBuildFile; fileRef = 7D64A650264504D8000F8CA9 /* AppDelegate.swift */; };
		7D64A653264504D8000F8CA9 /* SceneDelegate.swift in Sources */ = {isa = PBXBuildFile; fileRef = 7D64A652264504D8000F8CA9 /* SceneDelegate.swift */; };
		7D64A655264504D8000F8CA9 /* ViewController.swift in Sources */ = {isa = PBXBuildFile; fileRef = 7D64A654264504D8000F8CA9 /* ViewController.swift */; };
		7D64A658264504D8000F8CA9 /* Main.storyboard in Resources */ = {isa = PBXBuildFile; fileRef = 7D64A656264504D8000F8CA9 /* Main.storyboard */; };
		7D64A65A264504D9000F8CA9 /* Assets.xcassets in Resources */ = {isa = PBXBuildFile; fileRef = 7D64A659264504D9000F8CA9 /* Assets.xcassets */; };
		7D64A65D264504D9000F8CA9 /* LaunchScreen.storyboard in Resources */ = {isa = PBXBuildFile; fileRef = 7D64A65B264504D9000F8CA9 /* LaunchScreen.storyboard */; };
		7D64A668264504D9000F8CA9 /* URANAITests.swift in Sources */ = {isa = PBXBuildFile; fileRef = 7D64A667264504D9000F8CA9 /* URANAITests.swift */; };
		7D64A673264504D9000F8CA9 /* URANAIUITests.swift in Sources */ = {isa = PBXBuildFile; fileRef = 7D64A672264504D9000F8CA9 /* URANAIUITests.swift */; };
		7D64A68126450661000F8CA9 /* result.swift in Sources */ = {isa = PBXBuildFile; fileRef = 7D64A68026450661000F8CA9 /* result.swift */; };
/* End PBXBuildFile section */

/* Begin PBXContainerItemProxy section */
		7D64A664264504D9000F8CA9 /* PBXContainerItemProxy */ = {
			isa = PBXContainerItemProxy;
			containerPortal = 7D64A645264504D7000F8CA9 /* Project object */;
			proxyType = 1;
			remoteGlobalIDString = 7D64A64C264504D8000F8CA9;
			remoteInfo = URANAI;
		};
		7D64A66F264504D9000F8CA9 /* PBXContainerItemProxy */ = {
			isa = PBXContainerItemProxy;
			containerPortal = 7D64A645264504D7000F8CA9 /* Project object */;
			proxyType = 1;
			remoteGlobalIDString = 7D64A64C264504D8000F8CA9;
			remoteInfo = URANAI;
		};
/* End PBXContainerItemProxy section */

/* Begin PBXFileReference section */
		7D64A64D264504D8000F8CA9 /* URANAI.app */ = {isa = PBXFileReference; explicitFileType = wrapper.application; includeInIndex = 0; path = URANAI.app; sourceTree = BUILT_PRODUCTS_DIR; };
		7D64A650264504D8000F8CA9 /* AppDelegate.swift */ = {isa = PBXFileReference; lastKnownFileType = sourcecode.swift; path = AppDelegate.swift; sourceTree = "<group>"; };
		7D64A652264504D8000F8CA9 /* SceneDelegate.swift */ = {isa = PBXFileReference; lastKnownFileType = sourcecode.swift; path = SceneDelegate.swift; sourceTree = "<group>"; };
		7D64A654264504D8000F8CA9 /* ViewController.swift */ = {isa = PBXFileReference; lastKnownFileType = sourcecode.swift; path = ViewController.swift; sourceTree = "<group>"; };
		7D64A657264504D8000F8CA9 /* Base */ = {isa = PBXFileReference; lastKnownFileType = file.storyboard; name = Base; path = Base.lproj/Main.storyboard; sourceTree = "<group>"; };
		7D64A659264504D9000F8CA9 /* Assets.xcassets */ = {isa = PBXFileReference; lastKnownFileType = folder.assetcatalog; path = Assets.xcassets; sourceTree = "<group>"; };
		7D64A65C264504D9000F8CA9 /* Base */ = {isa = PBXFileReference; lastKnownFileType = file.storyboard; name = Base; path = Base.lproj/LaunchScreen.storyboard; sourceTree = "<group>"; };
		7D64A65E264504D9000F8CA9 /* Info.plist */ = {isa = PBXFileReference; lastKnownFileType = text.plist.xml; path = Info.plist; sourceTree = "<group>"; };
		7D64A663264504D9000F8CA9 /* URANAITests.xctest */ = {isa = PBXFileReference; explicitFileType = wrapper.cfbundle; includeInIndex = 0; path = URANAITests.xctest; sourceTree = BUILT_PRODUCTS_DIR; };
		7D64A667264504D9000F8CA9 /* URANAITests.swift */ = {isa = PBXFileReference; lastKnownFileType = sourcecode.swift; path = URANAITests.swift; sourceTree = "<group>"; };
		7D64A669264504D9000F8CA9 /* Info.plist */ = {isa = PBXFileReference; lastKnownFileType = text.plist.xml; path = Info.plist; sourceTree = "<group>"; };
		7D64A66E264504D9000F8CA9 /* URANAIUITests.xctest */ = {isa = PBXFileReference; explicitFileType = wrapper.cfbundle; includeInIndex = 0; path = URANAIUITests.xctest; sourceTree = BUILT_PRODUCTS_DIR; };
		7D64A672264504D9000F8CA9 /* URANAIUITests.swift */ = {isa = PBXFileReference; lastKnownFileType = sourcecode.swift; path = URANAIUITests.swift; sourceTree = "<group>"; };
		7D64A674264504D9000F8CA9 /* Info.plist */ = {isa = PBXFileReference; lastKnownFileType = text.plist.xml; path = Info.plist; sourceTree = "<group>"; };
		7D64A68026450661000F8CA9 /* result.swift */ = {isa = PBXFileReference; lastKnownFileType = sourcecode.swift; path = result.swift; sourceTree = "<group>"; };
/* End PBXFileReference section */

/* Begin PBXFrameworksBuildPhase section */
		7D64A64A264504D8000F8CA9 /* Frameworks */ = {
			isa = PBXFrameworksBuildPhase;
			buildActionMask = 2147483647;
			files = (
			);
			runOnlyForDeploymentPostprocessing = 0;
		};
		7D64A660264504D9000F8CA9 /* Frameworks */ = {
			isa = PBXFrameworksBuildPhase;
			buildActionMask = 2147483647;
			files = (
			);
			runOnlyForDeploymentPostprocessing = 0;
		};
		7D64A66B264504D9000F8CA9 /* Frameworks */ = {
			isa = PBXFrameworksBuildPhase;
			buildActionMask = 2147483647;
			files = (
			);
			runOnlyForDeploymentPostprocessing = 0;
		};
/* End PBXFrameworksBuildPhase section */

/* Begin PBXGroup section */
		7D64A644264504D7000F8CA9 = {
			isa = PBXGroup;
			children = (
				7D64A64F264504D8000F8CA9 /* メイン画面 */,
				7D64A666264504D9000F8CA9 /* URANAITests */,
				7D64A671264504D9000F8CA9 /* URANAIUITests */,
				7D64A64E264504D8000F8CA9 /* Products */,
			);
			sourceTree = "<group>";
		};
		7D64A64E264504D8000F8CA9 /* Products */ = {
			isa = PBXGroup;
			children = (
				7D64A64D264504D8000F8CA9 /* URANAI.app */,
				7D64A663264504D9000F8CA9 /* URANAITests.xctest */,
				7D64A66E264504D9000F8CA9 /* URANAIUITests.xctest */,
			);
			name = Products;
			sourceTree = "<group>";
		};
		7D64A64F264504D8000F8CA9 /* メイン画面 */ = {
			isa = PBXGroup;
			children = (
				7D64A650264504D8000F8CA9 /* AppDelegate.swift */,
				7D64A652264504D8000F8CA9 /* SceneDelegate.swift */,
				7D64A654264504D8000F8CA9 /* ViewController.swift */,
				7D64A68026450661000F8CA9 /* result.swift */,
				7D64A656264504D8000F8CA9 /* Main.storyboard */,
				7D64A659264504D9000F8CA9 /* Assets.xcassets */,
				7D64A65B264504D9000F8CA9 /* LaunchScreen.storyboard */,
				7D64A65E264504D9000F8CA9 /* Info.plist */,
			);
			path = "メイン画面";
			sourceTree = "<group>";
		};
		7D64A666264504D9000F8CA9 /* URANAITests */ = {
			isa = PBXGroup;
			children = (
				7D64A667264504D9000F8CA9 /* URANAITests.swift */,
				7D64A669264504D9000F8CA9 /* Info.plist */,
			);
			path = URANAITests;
			sourceTree = "<group>";
		};
		7D64A671264504D9000F8CA9 /* URANAIUITests */ = {
			isa = PBXGroup;
			children = (
				7D64A672264504D9000F8CA9 /* URANAIUITests.swift */,
				7D64A674264504D9000F8CA9 /* Info.plist */,
			);
			path = URANAIUITests;
			sourceTree = "<group>";
		};
/* End PBXGroup section */

/* Begin PBXNativeTarget section */
		7D64A64C264504D8000F8CA9 /* URANAI */ = {
			isa = PBXNativeTarget;
			buildConfigurationList = 7D64A677264504D9000F8CA9 /* Build configuration list for PBXNativeTarget "URANAI" */;
			buildPhases = (
				7D64A649264504D8000F8CA9 /* Sources */,
				7D64A64A264504D8000F8CA9 /* Frameworks */,
				7D64A64B264504D8000F8CA9 /* Resources */,
			);
			buildRules = (
			);
			dependencies = (
			);
			name = URANAI;
			productName = URANAI;
			productReference = 7D64A64D264504D8000F8CA9 /* URANAI.app */;
			productType = "com.apple.product-type.application";
		};
		7D64A662264504D9000F8CA9 /* URANAITests */ = {
			isa = PBXNativeTarget;
			buildConfigurationList = 7D64A67A264504D9000F8CA9 /* Build configuration list for PBXNativeTarget "URANAITests" */;
			buildPhases = (
				7D64A65F264504D9000F8CA9 /* Sources */,
				7D64A660264504D9000F8CA9 /* Frameworks */,
				7D64A661264504D9000F8CA9 /* Resources */,
			);
			buildRules = (
			);
			dependencies = (
				7D64A665264504D9000F8CA9 /* PBXTargetDependency */,
			);
			name = URANAITests;
			productName = URANAITests;
			productReference = 7D64A663264504D9000F8CA9 /* URANAITests.xctest */;
			productType = "com.apple.product-type.bundle.unit-test";
		};
		7D64A66D264504D9000F8CA9 /* URANAIUITests */ = {
			isa = PBXNativeTarget;
			buildConfigurationList = 7D64A67D264504D9000F8CA9 /* Build configuration list for PBXNativeTarget "URANAIUITests" */;
			buildPhases = (
				7D64A66A264504D9000F8CA9 /* Sources */,
				7D64A66B264504D9000F8CA9 /* Frameworks */,
				7D64A66C264504D9000F8CA9 /* Resources */,
			);
			buildRules = (
			);
			dependencies = (
				7D64A670264504D9000F8CA9 /* PBXTargetDependency */,
			);
			name = URANAIUITests;
			productName = URANAIUITests;
			productReference = 7D64A66E264504D9000F8CA9 /* URANAIUITests.xctest */;
			productType = "com.apple.product-type.bundle.ui-testing";
		};
/* End PBXNativeTarget section */

/* Begin PBXProject section */
		7D64A645264504D7000F8CA9 /* Project object */ = {
			isa = PBXProject;
			attributes = {
				LastSwiftUpdateCheck = 1250;
				LastUpgradeCheck = 1250;
				TargetAttributes = {
					7D64A64C264504D8000F8CA9 = {
						CreatedOnToolsVersion = 12.5;
					};
					7D64A662264504D9000F8CA9 = {
						CreatedOnToolsVersion = 12.5;
						TestTargetID = 7D64A64C264504D8000F8CA9;
					};
					7D64A66D264504D9000F8CA9 = {
						CreatedOnToolsVersion = 12.5;
						TestTargetID = 7D64A64C264504D8000F8CA9;
					};
				};
			};
			buildConfigurationList = 7D64A648264504D7000F8CA9 /* Build configuration list for PBXProject "URANAI" */;
			compatibilityVersion = "Xcode 9.3";
			developmentRegion = en;
			hasScannedForEncodings = 0;
			knownRegions = (
				en,
				Base,
			);
			mainGroup = 7D64A644264504D7000F8CA9;
			productRefGroup = 7D64A64E264504D8000F8CA9 /* Products */;
			projectDirPath = "";
			projectRoot = "";
			targets = (
				7D64A64C264504D8000F8CA9 /* URANAI */,
				7D64A662264504D9000F8CA9 /* URANAITests */,
				7D64A66D264504D9000F8CA9 /* URANAIUITests */,
			);
		};
/* End PBXProject section */

/* Begin PBXResourcesBuildPhase section */
		7D64A64B264504D8000F8CA9 /* Resources */ = {
			isa = PBXResourcesBuildPhase;
			buildActionMask = 2147483647;
			files = (
				7D64A65D264504D9000F8CA9 /* LaunchScreen.storyboard in Resources */,
				7D64A65A264504D9000F8CA9 /* Assets.xcassets in Resources */,
				7D64A658264504D8000F8CA9 /* Main.storyboard in Resources */,
			);
			runOnlyForDeploymentPostprocessing = 0;
		};
		7D64A661264504D9000F8CA9 /* Resources */ = {
			isa = PBXResourcesBuildPhase;
			buildActionMask = 2147483647;
			files = (
			);
			runOnlyForDeploymentPostprocessing = 0;
		};
		7D64A66C264504D9000F8CA9 /* Resources */ = {
			isa = PBXResourcesBuildPhase;
			buildActionMask = 2147483647;
			files = (
			);
			runOnlyForDeploymentPostprocessing = 0;
		};
/* End PBXResourcesBuildPhase section */

/* Begin PBXSourcesBuildPhase section */
		7D64A649264504D8000F8CA9 /* Sources */ = {
			isa = PBXSourcesBuildPhase;
			buildActionMask = 2147483647;
			files = (
				7D64A655264504D8000F8CA9 /* ViewController.swift in Sources */,
				7D64A651264504D8000F8CA9 /* AppDelegate.swift in Sources */,
				7D64A68126450661000F8CA9 /* result.swift in Sources */,
				7D64A653264504D8000F8CA9 /* SceneDelegate.swift in Sources */,
			);
			runOnlyForDeploymentPostprocessing = 0;
		};
		7D64A65F264504D9000F8CA9 /* Sources */ = {
			isa = PBXSourcesBuildPhase;
			buildActionMask = 2147483647;
			files = (
				7D64A668264504D9000F8CA9 /* URANAITests.swift in Sources */,
			);
			runOnlyForDeploymentPostprocessing = 0;
		};
		7D64A66A264504D9000F8CA9 /* Sources */ = {
			isa = PBXSourcesBuildPhase;
			buildActionMask = 2147483647;
			files = (
				7D64A673264504D9000F8CA9 /* URANAIUITests.swift in Sources */,
			);
			runOnlyForDeploymentPostprocessing = 0;
		};
/* End PBXSourcesBuildPhase section */

/* Begin PBXTargetDependency section */
		7D64A665264504D9000F8CA9 /* PBXTargetDependency */ = {
			isa = PBXTargetDependency;
			target = 7D64A64C264504D8000F8CA9 /* URANAI */;
			targetProxy = 7D64A664264504D9000F8CA9 /* PBXContainerItemProxy */;
		};
		7D64A670264504D9000F8CA9 /* PBXTargetDependency */ = {
			isa = PBXTargetDependency;
			target = 7D64A64C264504D8000F8CA9 /* URANAI */;
			targetProxy = 7D64A66F264504D9000F8CA9 /* PBXContainerItemProxy */;
		};
/* End PBXTargetDependency section */

/* Begin PBXVariantGroup section */
		7D64A656264504D8000F8CA9 /* Main.storyboard */ = {
			isa = PBXVariantGroup;
			children = (
				7D64A657264504D8000F8CA9 /* Base */,
			);
			name = Main.storyboard;
			sourceTree = "<group>";
		};
		7D64A65B264504D9000F8CA9 /* LaunchScreen.storyboard */ = {
			isa = PBXVariantGroup;
			children = (
				7D64A65C264504D9000F8CA9 /* Base */,
			);
			name = LaunchScreen.storyboard;
			sourceTree = "<group>";
		};
/* End PBXVariantGroup section */

/* Begin XCBuildConfiguration section */
		7D64A675264504D9000F8CA9 /* Debug */ = {
			isa = XCBuildConfiguration;
			buildSettings = {
				ALWAYS_SEARCH_USER_PATHS = NO;
				CLANG_ANALYZER_NONNULL = YES;
				CLANG_ANALYZER_NUMBER_OBJECT_CONVERSION = YES_AGGRESSIVE;
				CLANG_CXX_LANGUAGE_STANDARD = "gnu++14";
				CLANG_CXX_LIBRARY = "libc++";
				CLANG_ENABLE_MODULES = YES;
				CLANG_ENABLE_OBJC_ARC = YES;
				CLANG_ENABLE_OBJC_WEAK = YES;
				CLANG_WARN_BLOCK_CAPTURE_AUTORELEASING = YES;
				CLANG_WARN_BOOL_CONVERSION = YES;
				CLANG_WARN_COMMA = YES;
				CLANG_WARN_CONSTANT_CONVERSION = YES;
				CLANG_WARN_DEPRECATED_OBJC_IMPLEMENTATIONS = YES;
				CLANG_WARN_DIRECT_OBJC_ISA_USAGE = YES_ERROR;
				CLANG_WARN_DOCUMENTATION_COMMENTS = YES;
				CLANG_WARN_EMPTY_BODY = YES;
				CLANG_WARN_ENUM_CONVERSION = YES;
				CLANG_WARN_INFINITE_RECURSION = YES;
				CLANG_WARN_INT_CONVERSION = YES;
				CLANG_WARN_NON_LITERAL_NULL_CONVERSION = YES;
				CLANG_WARN_OBJC_IMPLICIT_RETAIN_SELF = YES;
				CLANG_WARN_OBJC_LITERAL_CONVERSION = YES;
				CLANG_WARN_OBJC_ROOT_CLASS = YES_ERROR;
				CLANG_WARN_QUOTED_INCLUDE_IN_FRAMEWORK_HEADER = YES;
				CLANG_WARN_RANGE_LOOP_ANALYSIS = YES;
				CLANG_WARN_STRICT_PROTOTYPES = YES;
				CLANG_WARN_SUSPICIOUS_MOVE = YES;
				CLANG_WARN_UNGUARDED_AVAILABILITY = YES_AGGRESSIVE;
				CLANG_WARN_UNREACHABLE_CODE = YES;
				CLANG_WARN__DUPLICATE_METHOD_MATCH = YES;
				COPY_PHASE_STRIP = NO;
				DEBUG_INFORMATION_FORMAT = dwarf;
				ENABLE_STRICT_OBJC_MSGSEND = YES;
				ENABLE_TESTABILITY = YES;
				GCC_C_LANGUAGE_STANDARD = gnu11;
				GCC_DYNAMIC_NO_PIC = NO;
				GCC_NO_COMMON_BLOCKS = YES;
				GCC_OPTIMIZATION_LEVEL = 0;
				GCC_PREPROCESSOR_DEFINITIONS = (
					"DEBUG=1",
					"$(inherited)",
				);
				GCC_WARN_64_TO_32_BIT_CONVERSION = YES;
				GCC_WARN_ABOUT_RETURN_TYPE = YES_ERROR;
				GCC_WARN_UNDECLARED_SELECTOR = YES;
				GCC_WARN_UNINITIALIZED_AUTOS = YES_AGGRESSIVE;
				GCC_WARN_UNUSED_FUNCTION = YES;
				GCC_WARN_UNUSED_VARIABLE = YES;
				IPHONEOS_DEPLOYMENT_TARGET = 14.5;
				MTL_ENABLE_DEBUG_INFO = INCLUDE_SOURCE;
				MTL_FAST_MATH = YES;
				ONLY_ACTIVE_ARCH = YES;
				SDKROOT = iphoneos;
				SWIFT_ACTIVE_COMPILATION_CONDITIONS = DEBUG;
				SWIFT_OPTIMIZATION_LEVEL = "-Onone";
			};
			name = Debug;
		};
		7D64A676264504D9000F8CA9 /* Release */ = {
			isa = XCBuildConfiguration;
			buildSettings = {
				ALWAYS_SEARCH_USER_PATHS = NO;
				CLANG_ANALYZER_NONNULL = YES;
				CLANG_ANALYZER_NUMBER_OBJECT_CONVERSION = YES_AGGRESSIVE;
				CLANG_CXX_LANGUAGE_STANDARD = "gnu++14";
				CLANG_CXX_LIBRARY = "libc++";
				CLANG_ENABLE_MODULES = YES;
				CLANG_ENABLE_OBJC_ARC = YES;
				CLANG_ENABLE_OBJC_WEAK = YES;
				CLANG_WARN_BLOCK_CAPTURE_AUTORELEASING = YES;
				CLANG_WARN_BOOL_CONVERSION = YES;
				CLANG_WARN_COMMA = YES;
				CLANG_WARN_CONSTANT_CONVERSION = YES;
				CLANG_WARN_DEPRECATED_OBJC_IMPLEMENTATIONS = YES;
				CLANG_WARN_DIRECT_OBJC_ISA_USAGE = YES_ERROR;
				CLANG_WARN_DOCUMENTATION_COMMENTS = YES;
				CLANG_WARN_EMPTY_BODY = YES;
				CLANG_WARN_ENUM_CONVERSION = YES;
				CLANG_WARN_INFINITE_RECURSION = YES;
				CLANG_WARN_INT_CONVERSION = YES;
				CLANG_WARN_NON_LITERAL_NULL_CONVERSION = YES;
				CLANG_WARN_OBJC_IMPLICIT_RETAIN_SELF = YES;
				CLANG_WARN_OBJC_LITERAL_CONVERSION = YES;
				CLANG_WARN_OBJC_ROOT_CLASS = YES_ERROR;
				CLANG_WARN_QUOTED_INCLUDE_IN_FRAMEWORK_HEADER = YES;
				CLANG_WARN_RANGE_LOOP_ANALYSIS = YES;
				CLANG_WARN_STRICT_PROTOTYPES = YES;
				CLANG_WARN_SUSPICIOUS_MOVE = YES;
				CLANG_WARN_UNGUARDED_AVAILABILITY = YES_AGGRESSIVE;
				CLANG_WARN_UNREACHABLE_CODE = YES;
				CLANG_WARN__DUPLICATE_METHOD_MATCH = YES;
				COPY_PHASE_STRIP = NO;
				DEBUG_INFORMATION_FORMAT = "dwarf-with-dsym";
				ENABLE_NS_ASSERTIONS = NO;
				ENABLE_STRICT_OBJC_MSGSEND = YES;
				GCC_C_LANGUAGE_STANDARD = gnu11;
				GCC_NO_COMMON_BLOCKS = YES;
				GCC_WARN_64_TO_32_BIT_CONVERSION = YES;
				GCC_WARN_ABOUT_RETURN_TYPE = YES_ERROR;
				GCC_WARN_UNDECLARED_SELECTOR = YES;
				GCC_WARN_UNINITIALIZED_AUTOS = YES_AGGRESSIVE;
				GCC_WARN_UNUSED_FUNCTION = YES;
				GCC_WARN_UNUSED_VARIABLE = YES;
				IPHONEOS_DEPLOYMENT_TARGET = 14.5;
				MTL_ENABLE_DEBUG_INFO = NO;
				MTL_FAST_MATH = YES;
				SDKROOT = iphoneos;
				SWIFT_COMPILATION_MODE = wholemodule;
				SWIFT_OPTIMIZATION_LEVEL = "-O";
				VALIDATE_PRODUCT = YES;
			};
			name = Release;
		};
		7D64A678264504D9000F8CA9 /* Debug */ = {
			isa = XCBuildConfiguration;
			buildSettings = {
				ASSETCATALOG_COMPILER_APPICON_NAME = AppIcon;
				ASSETCATALOG_COMPILER_GLOBAL_ACCENT_COLOR_NAME = AccentColor;
				CODE_SIGN_STYLE = Automatic;
				INFOPLIST_FILE = URANAI/Info.plist;
				LD_RUNPATH_SEARCH_PATHS = (
					"$(inherited)",
					"@executable_path/Frameworks",
				);
				PRODUCT_BUNDLE_IDENTIFIER = Yuina.URANAI;
				PRODUCT_NAME = "$(TARGET_NAME)";
				SWIFT_VERSION = 5.0;
				TARGETED_DEVICE_FAMILY = "1,2";
			};
			name = Debug;
		};
		7D64A679264504D9000F8CA9 /* Release */ = {
			isa = XCBuildConfiguration;
			buildSettings = {
				ASSETCATALOG_COMPILER_APPICON_NAME = AppIcon;
				ASSETCATALOG_COMPILER_GLOBAL_ACCENT_COLOR_NAME = AccentColor;
				CODE_SIGN_STYLE = Automatic;
				INFOPLIST_FILE = URANAI/Info.plist;
				LD_RUNPATH_SEARCH_PATHS = (
					"$(inherited)",
					"@executable_path/Frameworks",
				);
				PRODUCT_BUNDLE_IDENTIFIER = Yuina.URANAI;
				PRODUCT_NAME = "$(TARGET_NAME)";
				SWIFT_VERSION = 5.0;
				TARGETED_DEVICE_FAMILY = "1,2";
			};
			name = Release;
		};
		7D64A67B264504D9000F8CA9 /* Debug */ = {
			isa = XCBuildConfiguration;
			buildSettings = {
				ALWAYS_EMBED_SWIFT_STANDARD_LIBRARIES = YES;
				BUNDLE_LOADER = "$(TEST_HOST)";
				CODE_SIGN_STYLE = Automatic;
				INFOPLIST_FILE = URANAITests/Info.plist;
				IPHONEOS_DEPLOYMENT_TARGET = 14.5;
				LD_RUNPATH_SEARCH_PATHS = (
					"$(inherited)",
					"@executable_path/Frameworks",
					"@loader_path/Frameworks",
				);
				PRODUCT_BUNDLE_IDENTIFIER = Yuina.URANAITests;
				PRODUCT_NAME = "$(TARGET_NAME)";
				SWIFT_VERSION = 5.0;
				TARGETED_DEVICE_FAMILY = "1,2";
				TEST_HOST = "$(BUILT_PRODUCTS_DIR)/URANAI.app/URANAI";
			};
			name = Debug;
		};
		7D64A67C264504D9000F8CA9 /* Release */ = {
			isa = XCBuildConfiguration;
			buildSettings = {
				ALWAYS_EMBED_SWIFT_STANDARD_LIBRARIES = YES;
				BUNDLE_LOADER = "$(TEST_HOST)";
				CODE_SIGN_STYLE = Automatic;
				INFOPLIST_FILE = URANAITests/Info.plist;
				IPHONEOS_DEPLOYMENT_TARGET = 14.5;
				LD_RUNPATH_SEARCH_PATHS = (
					"$(inherited)",
					"@executable_path/Frameworks",
					"@loader_path/Frameworks",
				);
				PRODUCT_BUNDLE_IDENTIFIER = Yuina.URANAITests;
				PRODUCT_NAME = "$(TARGET_NAME)";
				SWIFT_VERSION = 5.0;
				TARGETED_DEVICE_FAMILY = "1,2";
				TEST_HOST = "$(BUILT_PRODUCTS_DIR)/URANAI.app/URANAI";
			};
			name = Release;
		};
		7D64A67E264504D9000F8CA9 /* Debug */ = {
			isa = XCBuildConfiguration;
			buildSettings = {
				ALWAYS_EMBED_SWIFT_STANDARD_LIBRARIES = YES;
				CODE_SIGN_STYLE = Automatic;
				INFOPLIST_FILE = URANAIUITests/Info.plist;
				LD_RUNPATH_SEARCH_PATHS = (
					"$(inherited)",
					"@executable_path/Frameworks",
					"@loader_path/Frameworks",
				);
				PRODUCT_BUNDLE_IDENTIFIER = Yuina.URANAIUITests;
				PRODUCT_NAME = "$(TARGET_NAME)";
				SWIFT_VERSION = 5.0;
				TARGETED_DEVICE_FAMILY = "1,2";
				TEST_TARGET_NAME = URANAI;
			};
			name = Debug;
		};
		7D64A67F264504D9000F8CA9 /* Release */ = {
			isa = XCBuildConfiguration;
			buildSettings = {
				ALWAYS_EMBED_SWIFT_STANDARD_LIBRARIES = YES;
				CODE_SIGN_STYLE = Automatic;
				INFOPLIST_FILE = URANAIUITests/Info.plist;
				LD_RUNPATH_SEARCH_PATHS = (
					"$(inherited)",
					"@executable_path/Frameworks",
					"@loader_path/Frameworks",
				);
				PRODUCT_BUNDLE_IDENTIFIER = Yuina.URANAIUITests;
				PRODUCT_NAME = "$(TARGET_NAME)";
				SWIFT_VERSION = 5.0;
				TARGETED_DEVICE_FAMILY = "1,2";
				TEST_TARGET_NAME = URANAI;
			};
			name = Release;
		};
/* End XCBuildConfiguration section */

/* Begin XCConfigurationList section */
		7D64A648264504D7000F8CA9 /* Build configuration list for PBXProject "URANAI" */ = {
			isa = XCConfigurationList;
			buildConfigurations = (
				7D64A675264504D9000F8CA9 /* Debug */,
				7D64A676264504D9000F8CA9 /* Release */,
			);
			defaultConfigurationIsVisible = 0;
			defaultConfigurationName = Release;
		};
		7D64A677264504D9000F8CA9 /* Build configuration list for PBXNativeTarget "URANAI" */ = {
			isa = XCConfigurationList;
			buildConfigurations = (
				7D64A678264504D9000F8CA9 /* Debug */,
				7D64A679264504D9000F8CA9 /* Release */,
			);
			defaultConfigurationIsVisible = 0;
			defaultConfigurationName = Release;
		};
		7D64A67A264504D9000F8CA9 /* Build configuration list for PBXNativeTarget "URANAITests" */ = {
			isa = XCConfigurationList;
			buildConfigurations = (
				7D64A67B264504D9000F8CA9 /* Debug */,
				7D64A67C264504D9000F8CA9 /* Release */,
			);
			defaultConfigurationIsVisible = 0;
			defaultConfigurationName = Release;
		};
		7D64A67D264504D9000F8CA9 /* Build configuration list for PBXNativeTarget "URANAIUITests" */ = {
			isa = XCConfigurationList;
			buildConfigurations = (
				7D64A67E264504D9000F8CA9 /* Debug */,
				7D64A67F264504D9000F8CA9 /* Release */,
			);
			defaultConfigurationIsVisible = 0;
			defaultConfigurationName = Release;
		};
/* End XCConfigurationList section */
	};
	rootObject = 7D64A645264504D7000F8CA9 /* Project object */;
}
